// !$*UTF8*$!
{
	archiveVersion = 1;
	classes = {
	};
	objectVersion = 46;
	objects = {

/* Begin PBXBuildFile section */
		E20CB7531B5F2F5100188CAA /* Info.plist in Resources */ = {isa = PBXBuildFile; fileRef = E20CB7521B5F2F5100188CAA /* Info.plist */; };
		E20CB7561B5F2FDD00188CAA /* AppDelegate.swift in Sources */ = {isa = PBXBuildFile; fileRef = E20CB7541B5F2FDD00188CAA /* AppDelegate.swift */; };
		E20CB7571B5F2FDD00188CAA /* QNMainViewController.swift in Sources */ = {isa = PBXBuildFile; fileRef = E20CB7551B5F2FDD00188CAA /* QNMainViewController.swift */; };
		E20CB75C1B5F301500188CAA /* LaunchScreen.xib in Resources */ = {isa = PBXBuildFile; fileRef = E20CB7581B5F301500188CAA /* LaunchScreen.xib */; };
		E20CB75D1B5F301500188CAA /* Main.storyboard in Resources */ = {isa = PBXBuildFile; fileRef = E20CB75A1B5F301500188CAA /* Main.storyboard */; };
		E20CB75F1B5F304100188CAA /* Media.xcassets in Resources */ = {isa = PBXBuildFile; fileRef = E20CB75E1B5F304100188CAA /* Media.xcassets */; };
		E20CB7621B5F327D00188CAA /* QNMainTimeView.swift in Sources */ = {isa = PBXBuildFile; fileRef = E20CB7611B5F327D00188CAA /* QNMainTimeView.swift */; };
		E20CB7641B5F32C000188CAA /* QNMainTimeTableSectionHeadView.swift in Sources */ = {isa = PBXBuildFile; fileRef = E20CB7631B5F32C000188CAA /* QNMainTimeTableSectionHeadView.swift */; };
		E210B1E21B60CF0100433897 /* QNMainItemView.swift in Sources */ = {isa = PBXBuildFile; fileRef = E210B1E11B60CF0100433897 /* QNMainItemView.swift */; };
		E245983E1B577F50000DF87B /* QNTimeWork.xcdatamodeld in Sources */ = {isa = PBXBuildFile; fileRef = E245983C1B577F50000DF87B /* QNTimeWork.xcdatamodeld */; };
		E24598541B577F50000DF87B /* QNTimeWorkTests.swift in Sources */ = {isa = PBXBuildFile; fileRef = E24598531B577F50000DF87B /* QNTimeWorkTests.swift */; };
		E24598631B5795C8000DF87B /* Utility.swift in Sources */ = {isa = PBXBuildFile; fileRef = E24598621B5795C8000DF87B /* Utility.swift */; };
		E24598661B579B13000DF87B /* QNTabbarView.swift in Sources */ = {isa = PBXBuildFile; fileRef = E24598651B579B13000DF87B /* QNTabbarView.swift */; };
		E24598691B579E87000DF87B /* QNMainView.swift in Sources */ = {isa = PBXBuildFile; fileRef = E24598681B579E87000DF87B /* QNMainView.swift */; };
		E2709D7D1B5DE8B500130039 /* QNMainTimeViewController.swift in Sources */ = {isa = PBXBuildFile; fileRef = E2709D7C1B5DE8B500130039 /* QNMainTimeViewController.swift */; };
		E2709D831B5E335D00130039 /* QNMainTimeViewCell.swift in Sources */ = {isa = PBXBuildFile; fileRef = E2709D821B5E335D00130039 /* QNMainTimeViewCell.swift */; };
		E2E5B3E71B5CDB19002D3B75 /* QNSelectTaskViewController.swift in Sources */ = {isa = PBXBuildFile; fileRef = E2E5B3E61B5CDB19002D3B75 /* QNSelectTaskViewController.swift */; };
		E2F2FEA51B58DA12001398FB /* QNBelowView.swift in Sources */ = {isa = PBXBuildFile; fileRef = E2F2FEA41B58DA12001398FB /* QNBelowView.swift */; };
/* End PBXBuildFile section */

/* Begin PBXContainerItemProxy section */
		E245984E1B577F50000DF87B /* PBXContainerItemProxy */ = {
			isa = PBXContainerItemProxy;
			containerPortal = E245982D1B577F50000DF87B /* Project object */;
			proxyType = 1;
			remoteGlobalIDString = E24598341B577F50000DF87B;
			remoteInfo = QNTimeWork;
		};
/* End PBXContainerItemProxy section */

/* Begin PBXFileReference section */
		E20CB7521B5F2F5100188CAA /* Info.plist */ = {isa = PBXFileReference; fileEncoding = 4; lastKnownFileType = text.plist.xml; path = Info.plist; sourceTree = SOURCE_ROOT; };
		E20CB7541B5F2FDD00188CAA /* AppDelegate.swift */ = {isa = PBXFileReference; fileEncoding = 4; lastKnownFileType = sourcecode.swift; path = AppDelegate.swift; sourceTree = SOURCE_ROOT; };
		E20CB7551B5F2FDD00188CAA /* QNMainViewController.swift */ = {isa = PBXFileReference; fileEncoding = 4; lastKnownFileType = sourcecode.swift; path = QNMainViewController.swift; sourceTree = SOURCE_ROOT; };
		E20CB7591B5F301500188CAA /* Base */ = {isa = PBXFileReference; lastKnownFileType = file.xib; name = Base; path = Base.lproj/LaunchScreen.xib; sourceTree = SOURCE_ROOT; };
		E20CB75B1B5F301500188CAA /* Base */ = {isa = PBXFileReference; lastKnownFileType = file.storyboard; name = Base; path = Base.lproj/Main.storyboard; sourceTree = SOURCE_ROOT; };
		E20CB75E1B5F304100188CAA /* Media.xcassets */ = {isa = PBXFileReference; lastKnownFileType = folder.assetcatalog; path = Media.xcassets; sourceTree = SOURCE_ROOT; };
		E20CB7611B5F327D00188CAA /* QNMainTimeView.swift */ = {isa = PBXFileReference; fileEncoding = 4; lastKnownFileType = sourcecode.swift; path = QNMainTimeView.swift; sourceTree = "<group>"; };
		E20CB7631B5F32C000188CAA /* QNMainTimeTableSectionHeadView.swift */ = {isa = PBXFileReference; fileEncoding = 4; lastKnownFileType = sourcecode.swift; path = QNMainTimeTableSectionHeadView.swift; sourceTree = "<group>"; };
		E210B1E11B60CF0100433897 /* QNMainItemView.swift */ = {isa = PBXFileReference; fileEncoding = 4; lastKnownFileType = sourcecode.swift; path = QNMainItemView.swift; sourceTree = "<group>"; };
		E24598351B577F50000DF87B /* QNTimeWork.app */ = {isa = PBXFileReference; explicitFileType = wrapper.application; includeInIndex = 0; path = QNTimeWork.app; sourceTree = BUILT_PRODUCTS_DIR; };
		E245983D1B577F50000DF87B /* QNTimeWork.xcdatamodel */ = {isa = PBXFileReference; lastKnownFileType = wrapper.xcdatamodel; path = QNTimeWork.xcdatamodel; sourceTree = "<group>"; };
		E245984D1B577F50000DF87B /* QNTimeWorkTests.xctest */ = {isa = PBXFileReference; explicitFileType = wrapper.cfbundle; includeInIndex = 0; path = QNTimeWorkTests.xctest; sourceTree = BUILT_PRODUCTS_DIR; };
		E24598521B577F50000DF87B /* Info.plist */ = {isa = PBXFileReference; lastKnownFileType = text.plist.xml; path = Info.plist; sourceTree = "<group>"; };
		E24598531B577F50000DF87B /* QNTimeWorkTests.swift */ = {isa = PBXFileReference; lastKnownFileType = sourcecode.swift; path = QNTimeWorkTests.swift; sourceTree = "<group>"; };
		E24598621B5795C8000DF87B /* Utility.swift */ = {isa = PBXFileReference; fileEncoding = 4; lastKnownFileType = sourcecode.swift; path = Utility.swift; sourceTree = "<group>"; };
		E24598651B579B13000DF87B /* QNTabbarView.swift */ = {isa = PBXFileReference; fileEncoding = 4; lastKnownFileType = sourcecode.swift; path = QNTabbarView.swift; sourceTree = "<group>"; };
		E24598681B579E87000DF87B /* QNMainView.swift */ = {isa = PBXFileReference; fileEncoding = 4; lastKnownFileType = sourcecode.swift; path = QNMainView.swift; sourceTree = "<group>"; };
		E2709D7C1B5DE8B500130039 /* QNMainTimeViewController.swift */ = {isa = PBXFileReference; fileEncoding = 4; lastKnownFileType = sourcecode.swift; path = QNMainTimeViewController.swift; sourceTree = "<group>"; };
		E2709D821B5E335D00130039 /* QNMainTimeViewCell.swift */ = {isa = PBXFileReference; fileEncoding = 4; lastKnownFileType = sourcecode.swift; path = QNMainTimeViewCell.swift; sourceTree = "<group>"; };
		E2E5B3E61B5CDB19002D3B75 /* QNSelectTaskViewController.swift */ = {isa = PBXFileReference; fileEncoding = 4; lastKnownFileType = sourcecode.swift; path = QNSelectTaskViewController.swift; sourceTree = "<group>"; };
		E2F2FEA41B58DA12001398FB /* QNBelowView.swift */ = {isa = PBXFileReference; fileEncoding = 4; lastKnownFileType = sourcecode.swift; path = QNBelowView.swift; sourceTree = "<group>"; };
/* End PBXFileReference section */

/* Begin PBXFrameworksBuildPhase section */
		E24598321B577F50000DF87B /* Frameworks */ = {
			isa = PBXFrameworksBuildPhase;
			buildActionMask = 2147483647;
			files = (
			);
			runOnlyForDeploymentPostprocessing = 0;
		};
		E245984A1B577F50000DF87B /* Frameworks */ = {
			isa = PBXFrameworksBuildPhase;
			buildActionMask = 2147483647;
			files = (
			);
			runOnlyForDeploymentPostprocessing = 0;
		};
/* End PBXFrameworksBuildPhase section */

/* Begin PBXGroup section */
		E20CB7601B5F30F400188CAA /* QNTime */ = {
			isa = PBXGroup;
			children = (
				E20CB7541B5F2FDD00188CAA /* AppDelegate.swift */,
				E245983C1B577F50000DF87B /* QNTimeWork.xcdatamodeld */,
				E20CB7581B5F301500188CAA /* LaunchScreen.xib */,
				E20CB75A1B5F301500188CAA /* Main.storyboard */,
				E20CB75E1B5F304100188CAA /* Media.xcassets */,
			);
			name = QNTime;
			sourceTree = "<group>";
		};
		E245982C1B577F50000DF87B = {
			isa = PBXGroup;
			children = (
				E24598371B577F50000DF87B /* QNTimeWork */,
				E24598501B577F50000DF87B /* QNTimeWorkTests */,
				E24598361B577F50000DF87B /* Products */,
			);
			sourceTree = "<group>";
		};
		E24598361B577F50000DF87B /* Products */ = {
			isa = PBXGroup;
			children = (
				E24598351B577F50000DF87B /* QNTimeWork.app */,
				E245984D1B577F50000DF87B /* QNTimeWorkTests.xctest */,
			);
			name = Products;
			sourceTree = "<group>";
		};
		E24598371B577F50000DF87B /* QNTimeWork */ = {
			isa = PBXGroup;
			children = (
				E20CB7601B5F30F400188CAA /* QNTime */,
				E24598671B579BDD000DF87B /* QNMainViewController */,
				E24598641B579AA4000DF87B /* QNMianView */,
				E24598611B5795C8000DF87B /* Utility */,
				E24598381B577F50000DF87B /* Supporting Files */,
			);
			path = QNTimeWork;
			sourceTree = "<group>";
		};
		E24598381B577F50000DF87B /* Supporting Files */ = {
			isa = PBXGroup;
			children = (
				E20CB7521B5F2F5100188CAA /* Info.plist */,
			);
			name = "Supporting Files";
			sourceTree = "<group>";
		};
		E24598501B577F50000DF87B /* QNTimeWorkTests */ = {
			isa = PBXGroup;
			children = (
				E24598531B577F50000DF87B /* QNTimeWorkTests.swift */,
				E24598511B577F50000DF87B /* Supporting Files */,
			);
			path = QNTimeWorkTests;
			sourceTree = "<group>";
		};
		E24598511B577F50000DF87B /* Supporting Files */ = {
			isa = PBXGroup;
			children = (
				E24598521B577F50000DF87B /* Info.plist */,
			);
			name = "Supporting Files";
			sourceTree = "<group>";
		};
		E24598611B5795C8000DF87B /* Utility */ = {
			isa = PBXGroup;
			children = (
				E24598621B5795C8000DF87B /* Utility.swift */,
			);
			path = Utility;
			sourceTree = SOURCE_ROOT;
		};
		E24598641B579AA4000DF87B /* QNMianView */ = {
			isa = PBXGroup;
			children = (
				E24598651B579B13000DF87B /* QNTabbarView.swift */,
				E24598681B579E87000DF87B /* QNMainView.swift */,
				E2F2FEA41B58DA12001398FB /* QNBelowView.swift */,
				E20CB7611B5F327D00188CAA /* QNMainTimeView.swift */,
				E2709D821B5E335D00130039 /* QNMainTimeViewCell.swift */,
				E20CB7631B5F32C000188CAA /* QNMainTimeTableSectionHeadView.swift */,
				E210B1E11B60CF0100433897 /* QNMainItemView.swift */,
			);
			name = QNMianView;
			path = QNTabbarView;
			sourceTree = SOURCE_ROOT;
		};
		E24598671B579BDD000DF87B /* QNMainViewController */ = {
			isa = PBXGroup;
			children = (
				E2E5B3E61B5CDB19002D3B75 /* QNSelectTaskViewController.swift */,
				E2709D7C1B5DE8B500130039 /* QNMainTimeViewController.swift */,
				E20CB7551B5F2FDD00188CAA /* QNMainViewController.swift */,
			);
			path = QNMainViewController;
			sourceTree = SOURCE_ROOT;
		};
/* End PBXGroup section */

/* Begin PBXNativeTarget section */
		E24598341B577F50000DF87B /* QNTimeWork */ = {
			isa = PBXNativeTarget;
			buildConfigurationList = E24598571B577F50000DF87B /* Build configuration list for PBXNativeTarget "QNTimeWork" */;
			buildPhases = (
				E24598311B577F50000DF87B /* Sources */,
				E24598321B577F50000DF87B /* Frameworks */,
				E24598331B577F50000DF87B /* Resources */,
			);
			buildRules = (
			);
			dependencies = (
			);
			name = QNTimeWork;
			productName = QNTimeWork;
			productReference = E24598351B577F50000DF87B /* QNTimeWork.app */;
			productType = "com.apple.product-type.application";
		};
		E245984C1B577F50000DF87B /* QNTimeWorkTests */ = {
			isa = PBXNativeTarget;
			buildConfigurationList = E245985A1B577F50000DF87B /* Build configuration list for PBXNativeTarget "QNTimeWorkTests" */;
			buildPhases = (
				E24598491B577F50000DF87B /* Sources */,
				E245984A1B577F50000DF87B /* Frameworks */,
				E245984B1B577F50000DF87B /* Resources */,
			);
			buildRules = (
			);
			dependencies = (
				E245984F1B577F50000DF87B /* PBXTargetDependency */,
			);
			name = QNTimeWorkTests;
			productName = QNTimeWorkTests;
			productReference = E245984D1B577F50000DF87B /* QNTimeWorkTests.xctest */;
			productType = "com.apple.product-type.bundle.unit-test";
		};
/* End PBXNativeTarget section */

/* Begin PBXProject section */
		E245982D1B577F50000DF87B /* Project object */ = {
			isa = PBXProject;
			attributes = {
				LastUpgradeCheck = 0630;
				ORGANIZATIONNAME = Loser;
				TargetAttributes = {
					E24598341B577F50000DF87B = {
						CreatedOnToolsVersion = 6.3;
					};
					E245984C1B577F50000DF87B = {
						CreatedOnToolsVersion = 6.3;
						TestTargetID = E24598341B577F50000DF87B;
					};
				};
			};
			buildConfigurationList = E24598301B577F50000DF87B /* Build configuration list for PBXProject "QNTimeWork" */;
			compatibilityVersion = "Xcode 3.2";
			developmentRegion = English;
			hasScannedForEncodings = 0;
			knownRegions = (
				en,
				Base,
			);
			mainGroup = E245982C1B577F50000DF87B;
			productRefGroup = E24598361B577F50000DF87B /* Products */;
			projectDirPath = "";
			projectRoot = "";
			targets = (
				E24598341B577F50000DF87B /* QNTimeWork */,
				E245984C1B577F50000DF87B /* QNTimeWorkTests */,
			);
		};
/* End PBXProject section */

/* Begin PBXResourcesBuildPhase section */
		E24598331B577F50000DF87B /* Resources */ = {
			isa = PBXResourcesBuildPhase;
			buildActionMask = 2147483647;
			files = (
				E20CB7531B5F2F5100188CAA /* Info.plist in Resources */,
				E20CB75C1B5F301500188CAA /* LaunchScreen.xib in Resources */,
				E20CB75F1B5F304100188CAA /* Media.xcassets in Resources */,
				E20CB75D1B5F301500188CAA /* Main.storyboard in Resources */,
			);
			runOnlyForDeploymentPostprocessing = 0;
		};
		E245984B1B577F50000DF87B /* Resources */ = {
			isa = PBXResourcesBuildPhase;
			buildActionMask = 2147483647;
			files = (
			);
			runOnlyForDeploymentPostprocessing = 0;
		};
/* End PBXResourcesBuildPhase section */

/* Begin PBXSourcesBuildPhase section */
		E24598311B577F50000DF87B /* Sources */ = {
			isa = PBXSourcesBuildPhase;
			buildActionMask = 2147483647;
			files = (
				E20CB7561B5F2FDD00188CAA /* AppDelegate.swift in Sources */,
				E2709D831B5E335D00130039 /* QNMainTimeViewCell.swift in Sources */,
				E2E5B3E71B5CDB19002D3B75 /* QNSelectTaskViewController.swift in Sources */,
				E20CB7621B5F327D00188CAA /* QNMainTimeView.swift in Sources */,
				E20CB7641B5F32C000188CAA /* QNMainTimeTableSectionHeadView.swift in Sources */,
				E2F2FEA51B58DA12001398FB /* QNBelowView.swift in Sources */,
				E24598661B579B13000DF87B /* QNTabbarView.swift in Sources */,
				E210B1E21B60CF0100433897 /* QNMainItemView.swift in Sources */,
				E24598631B5795C8000DF87B /* Utility.swift in Sources */,
				E24598691B579E87000DF87B /* QNMainView.swift in Sources */,
				E245983E1B577F50000DF87B /* QNTimeWork.xcdatamodeld in Sources */,
				E20CB7571B5F2FDD00188CAA /* QNMainViewController.swift in Sources */,
				E2709D7D1B5DE8B500130039 /* QNMainTimeViewController.swift in Sources */,
			);
			runOnlyForDeploymentPostprocessing = 0;
		};
		E24598491B577F50000DF87B /* Sources */ = {
			isa = PBXSourcesBuildPhase;
			buildActionMask = 2147483647;
			files = (
				E24598541B577F50000DF87B /* QNTimeWorkTests.swift in Sources */,
			);
			runOnlyForDeploymentPostprocessing = 0;
		};
/* End PBXSourcesBuildPhase section */

/* Begin PBXTargetDependency section */
		E245984F1B577F50000DF87B /* PBXTargetDependency */ = {
			isa = PBXTargetDependency;
			target = E24598341B577F50000DF87B /* QNTimeWork */;
			targetProxy = E245984E1B577F50000DF87B /* PBXContainerItemProxy */;
		};
/* End PBXTargetDependency section */

/* Begin PBXVariantGroup section */
		E20CB7581B5F301500188CAA /* LaunchScreen.xib */ = {
			isa = PBXVariantGroup;
			children = (
				E20CB7591B5F301500188CAA /* Base */,
			);
			name = LaunchScreen.xib;
			path = ../Utility;
			sourceTree = "<group>";
		};
		E20CB75A1B5F301500188CAA /* Main.storyboard */ = {
			isa = PBXVariantGroup;
			children = (
				E20CB75B1B5F301500188CAA /* Base */,
			);
			name = Main.storyboard;
			path = ../Utility;
			sourceTree = "<group>";
		};
/* End PBXVariantGroup section */

/* Begin XCBuildConfiguration section */
		E24598551B577F50000DF87B /* Debug */ = {
			isa = XCBuildConfiguration;
			buildSettings = {
				ALWAYS_SEARCH_USER_PATHS = NO;
				CLANG_CXX_LANGUAGE_STANDARD = "gnu++0x";
				CLANG_CXX_LIBRARY = "libc++";
				CLANG_ENABLE_MODULES = YES;
				CLANG_ENABLE_OBJC_ARC = YES;
				CLANG_WARN_BOOL_CONVERSION = YES;
				CLANG_WARN_CONSTANT_CONVERSION = YES;
				CLANG_WARN_DIRECT_OBJC_ISA_USAGE = YES_ERROR;
				CLANG_WARN_EMPTY_BODY = YES;
				CLANG_WARN_ENUM_CONVERSION = YES;
				CLANG_WARN_INT_CONVERSION = YES;
				CLANG_WARN_OBJC_ROOT_CLASS = YES_ERROR;
				CLANG_WARN_UNREACHABLE_CODE = YES;
				CLANG_WARN__DUPLICATE_METHOD_MATCH = YES;
				"CODE_SIGN_IDENTITY[sdk=iphoneos*]" = "iPhone Developer";
				COPY_PHASE_STRIP = NO;
				DEBUG_INFORMATION_FORMAT = "dwarf-with-dsym";
				ENABLE_STRICT_OBJC_MSGSEND = YES;
				GCC_C_LANGUAGE_STANDARD = gnu99;
				GCC_DYNAMIC_NO_PIC = NO;
				GCC_NO_COMMON_BLOCKS = YES;
				GCC_OPTIMIZATION_LEVEL = 0;
				GCC_PREPROCESSOR_DEFINITIONS = (
					"DEBUG=1",
					"$(inherited)",
				);
				GCC_SYMBOLS_PRIVATE_EXTERN = NO;
				GCC_WARN_64_TO_32_BIT_CONVERSION = YES;
				GCC_WARN_ABOUT_RETURN_TYPE = YES_ERROR;
				GCC_WARN_UNDECLARED_SELECTOR = YES;
				GCC_WARN_UNINITIALIZED_AUTOS = YES_AGGRESSIVE;
				GCC_WARN_UNUSED_FUNCTION = YES;
				GCC_WARN_UNUSED_VARIABLE = YES;
				IPHONEOS_DEPLOYMENT_TARGET = 8.3;
				MTL_ENABLE_DEBUG_INFO = YES;
				ONLY_ACTIVE_ARCH = YES;
				SDKROOT = iphoneos;
				SWIFT_OPTIMIZATION_LEVEL = "-Onone";
				TARGETED_DEVICE_FAMILY = "1,2";
			};
			name = Debug;
		};
		E24598561B577F50000DF87B /* Release */ = {
			isa = XCBuildConfiguration;
			buildSettings = {
				ALWAYS_SEARCH_USER_PATHS = NO;
				CLANG_CXX_LANGUAGE_STANDARD = "gnu++0x";
				CLANG_CXX_LIBRARY = "libc++";
				CLANG_ENABLE_MODULES = YES;
				CLANG_ENABLE_OBJC_ARC = YES;
				CLANG_WARN_BOOL_CONVERSION = YES;
				CLANG_WARN_CONSTANT_CONVERSION = YES;
				CLANG_WARN_DIRECT_OBJC_ISA_USAGE = YES_ERROR;
				CLANG_WARN_EMPTY_BODY = YES;
				CLANG_WARN_ENUM_CONVERSION = YES;
				CLANG_WARN_INT_CONVERSION = YES;
				CLANG_WARN_OBJC_ROOT_CLASS = YES_ERROR;
				CLANG_WARN_UNREACHABLE_CODE = YES;
				CLANG_WARN__DUPLICATE_METHOD_MATCH = YES;
				"CODE_SIGN_IDENTITY[sdk=iphoneos*]" = "iPhone Developer";
				COPY_PHASE_STRIP = NO;
				DEBUG_INFORMATION_FORMAT = "dwarf-with-dsym";
				ENABLE_NS_ASSERTIONS = NO;
				ENABLE_STRICT_OBJC_MSGSEND = YES;
				GCC_C_LANGUAGE_STANDARD = gnu99;
				GCC_NO_COMMON_BLOCKS = YES;
				GCC_WARN_64_TO_32_BIT_CONVERSION = YES;
				GCC_WARN_ABOUT_RETURN_TYPE = YES_ERROR;
				GCC_WARN_UNDECLARED_SELECTOR = YES;
				GCC_WARN_UNINITIALIZED_AUTOS = YES_AGGRESSIVE;
				GCC_WARN_UNUSED_FUNCTION = YES;
				GCC_WARN_UNUSED_VARIABLE = YES;
				IPHONEOS_DEPLOYMENT_TARGET = 8.3;
				MTL_ENABLE_DEBUG_INFO = NO;
				SDKROOT = iphoneos;
				TARGETED_DEVICE_FAMILY = "1,2";
				VALIDATE_PRODUCT = YES;
			};
			name = Release;
		};
		E24598581B577F50000DF87B /* Debug */ = {
			isa = XCBuildConfiguration;
			buildSettings = {
				ASSETCATALOG_COMPILER_APPICON_NAME = AppIcon;
				INFOPLIST_FILE = "$(SRCROOT)/Info.plist";
				LD_RUNPATH_SEARCH_PATHS = "$(inherited) @executable_path/Frameworks";
				PRODUCT_NAME = "$(TARGET_NAME)";
			};
			name = Debug;
		};
		E24598591B577F50000DF87B /* Release */ = {
			isa = XCBuildConfiguration;
			buildSettings = {
				ASSETCATALOG_COMPILER_APPICON_NAME = AppIcon;
				INFOPLIST_FILE = "$(SRCROOT)/Info.plist";
				LD_RUNPATH_SEARCH_PATHS = "$(inherited) @executable_path/Frameworks";
				PRODUCT_NAME = "$(TARGET_NAME)";
			};
			name = Release;
		};
		E245985B1B577F50000DF87B /* Debug */ = {
			isa = XCBuildConfiguration;
			buildSettings = {
				BUNDLE_LOADER = "$(TEST_HOST)";
				FRAMEWORK_SEARCH_PATHS = (
					"$(SDKROOT)/Developer/Library/Frameworks",
					"$(inherited)",
				);
				GCC_PREPROCESSOR_DEFINITIONS = (
					"DEBUG=1",
					"$(inherited)",
				);
				INFOPLIST_FILE = QNTimeWorkTests/Info.plist;
				LD_RUNPATH_SEARCH_PATHS = "$(inherited) @executable_path/Frameworks @loader_path/Frameworks";
				PRODUCT_NAME = "$(TARGET_NAME)";
				TEST_HOST = "$(BUILT_PRODUCTS_DIR)/QNTimeWork.app/QNTimeWork";
			};
			name = Debug;
		};
		E245985C1B577F50000DF87B /* Release */ = {
			isa = XCBuildConfiguration;
			buildSettings = {
				BUNDLE_LOADER = "$(TEST_HOST)";
				FRAMEWORK_SEARCH_PATHS = (
					"$(SDKROOT)/Developer/Library/Frameworks",
					"$(inherited)",
				);
				INFOPLIST_FILE = QNTimeWorkTests/Info.plist;
				LD_RUNPATH_SEARCH_PATHS = "$(inherited) @executable_path/Frameworks @loader_path/Frameworks";
				PRODUCT_NAME = "$(TARGET_NAME)";
				TEST_HOST = "$(BUILT_PRODUCTS_DIR)/QNTimeWork.app/QNTimeWork";
			};
			name = Release;
		};
/* End XCBuildConfiguration section */

/* Begin XCConfigurationList section */
		E24598301B577F50000DF87B /* Build configuration list for PBXProject "QNTimeWork" */ = {
			isa = XCConfigurationList;
			buildConfigurations = (
				E24598551B577F50000DF87B /* Debug */,
				E24598561B577F50000DF87B /* Release */,
			);
			defaultConfigurationIsVisible = 0;
			defaultConfigurationName = Release;
		};
		E24598571B577F50000DF87B /* Build configuration list for PBXNativeTarget "QNTimeWork" */ = {
			isa = XCConfigurationList;
			buildConfigurations = (
				E24598581B577F50000DF87B /* Debug */,
				E24598591B577F50000DF87B /* Release */,
			);
			defaultConfigurationIsVisible = 0;
			defaultConfigurationName = Release;
		};
		E245985A1B577F50000DF87B /* Build configuration list for PBXNativeTarget "QNTimeWorkTests" */ = {
			isa = XCConfigurationList;
			buildConfigurations = (
				E245985B1B577F50000DF87B /* Debug */,
				E245985C1B577F50000DF87B /* Release */,
			);
			defaultConfigurationIsVisible = 0;
			defaultConfigurationName = Release;
		};
/* End XCConfigurationList section */

/* Begin XCVersionGroup section */
		E245983C1B577F50000DF87B /* QNTimeWork.xcdatamodeld */ = {
			isa = XCVersionGroup;
			children = (
				E245983D1B577F50000DF87B /* QNTimeWork.xcdatamodel */,
			);
			currentVersion = E245983D1B577F50000DF87B /* QNTimeWork.xcdatamodel */;
			path = QNTimeWork.xcdatamodeld;
			sourceTree = "<group>";
			versionGroupType = wrapper.xcdatamodel;
		};
/* End XCVersionGroup section */
	};
	rootObject = E245982D1B577F50000DF87B /* Project object */;
}
